// !$*UTF8*$!
{
	archiveVersion = 1;
	classes = {
	};
	objectVersion = 50;
	objects = {

/* Begin PBXBuildFile section */
		5D86C0FC208763AD0021817E /* AppDelegate.swift in Sources */ = {isa = PBXBuildFile; fileRef = 5D86C0FB208763AD0021817E /* AppDelegate.swift */; };
		5D86C101208763AD0021817E /* Main.storyboard in Resources */ = {isa = PBXBuildFile; fileRef = 5D86C0FF208763AD0021817E /* Main.storyboard */; };
		5D86C103208763B10021817E /* Assets.xcassets in Resources */ = {isa = PBXBuildFile; fileRef = 5D86C102208763B10021817E /* Assets.xcassets */; };
		5D86C106208763B20021817E /* LaunchScreen.storyboard in Resources */ = {isa = PBXBuildFile; fileRef = 5D86C104208763B20021817E /* LaunchScreen.storyboard */; };
		5D86C10F208764470021817E /* DetailsPhotoViewController.swift in Sources */ = {isa = PBXBuildFile; fileRef = 5D86C10E208764470021817E /* DetailsPhotoViewController.swift */; };
		5D86C11820879C8A0021817E /* Photo.swift in Sources */ = {isa = PBXBuildFile; fileRef = 5D86C11720879C8A0021817E /* Photo.swift */; };
		5D86C11A20879DAB0021817E /* PhotosAPI.swift in Sources */ = {isa = PBXBuildFile; fileRef = 5D86C11920879DAB0021817E /* PhotosAPI.swift */; };
		5D86C11D2087A25F0021817E /* PhotoCell.swift in Sources */ = {isa = PBXBuildFile; fileRef = 5D86C11C2087A25F0021817E /* PhotoCell.swift */; };
		5D86C1212087B6210021817E /* PhotosLayout.swift in Sources */ = {isa = PBXBuildFile; fileRef = 5D86C1202087B6210021817E /* PhotosLayout.swift */; };
		5D86C1242087B7090021817E /* PhotosCollectionViewController.swift in Sources */ = {isa = PBXBuildFile; fileRef = 5D86C1232087B7090021817E /* PhotosCollectionViewController.swift */; };
		5D86C1262087B8360021817E /* Constants.swift in Sources */ = {isa = PBXBuildFile; fileRef = 5D86C1252087B8360021817E /* Constants.swift */; };
		5D86C1282088D0800021817E /* PhotoDetails.swift in Sources */ = {isa = PBXBuildFile; fileRef = 5D86C1272088D0800021817E /* PhotoDetails.swift */; };
		5D86C12A2088FF630021817E /* StructuresForModel.swift in Sources */ = {isa = PBXBuildFile; fileRef = 5D86C1292088FF630021817E /* StructuresForModel.swift */; };
		E25569312BB522A93E665736 /* Pods_Unsplatter.framework in Frameworks */ = {isa = PBXBuildFile; fileRef = 4B2F32C9470085E09AD9CB2B /* Pods_Unsplatter.framework */; };
/* End PBXBuildFile section */

/* Begin PBXFileReference section */
		4B2F32C9470085E09AD9CB2B /* Pods_Unsplatter.framework */ = {isa = PBXFileReference; explicitFileType = wrapper.framework; includeInIndex = 0; path = Pods_Unsplatter.framework; sourceTree = BUILT_PRODUCTS_DIR; };
		5D86C0F8208763AD0021817E /* Unsplatter.app */ = {isa = PBXFileReference; explicitFileType = wrapper.application; includeInIndex = 0; path = Unsplatter.app; sourceTree = BUILT_PRODUCTS_DIR; };
		5D86C0FB208763AD0021817E /* AppDelegate.swift */ = {isa = PBXFileReference; lastKnownFileType = sourcecode.swift; path = AppDelegate.swift; sourceTree = "<group>"; };
		5D86C100208763AD0021817E /* Base */ = {isa = PBXFileReference; lastKnownFileType = file.storyboard; name = Base; path = Base.lproj/Main.storyboard; sourceTree = "<group>"; };
		5D86C102208763B10021817E /* Assets.xcassets */ = {isa = PBXFileReference; lastKnownFileType = folder.assetcatalog; path = Assets.xcassets; sourceTree = "<group>"; };
		5D86C105208763B20021817E /* Base */ = {isa = PBXFileReference; lastKnownFileType = file.storyboard; name = Base; path = Base.lproj/LaunchScreen.storyboard; sourceTree = "<group>"; };
		5D86C107208763B20021817E /* Info.plist */ = {isa = PBXFileReference; lastKnownFileType = text.plist.xml; path = Info.plist; sourceTree = "<group>"; };
		5D86C10E208764470021817E /* DetailsPhotoViewController.swift */ = {isa = PBXFileReference; lastKnownFileType = sourcecode.swift; path = DetailsPhotoViewController.swift; sourceTree = "<group>"; };
		5D86C11720879C8A0021817E /* Photo.swift */ = {isa = PBXFileReference; lastKnownFileType = sourcecode.swift; path = Photo.swift; sourceTree = "<group>"; };
		5D86C11920879DAB0021817E /* PhotosAPI.swift */ = {isa = PBXFileReference; lastKnownFileType = sourcecode.swift; path = PhotosAPI.swift; sourceTree = "<group>"; };
		5D86C11C2087A25F0021817E /* PhotoCell.swift */ = {isa = PBXFileReference; lastKnownFileType = sourcecode.swift; path = PhotoCell.swift; sourceTree = "<group>"; };
		5D86C1202087B6210021817E /* PhotosLayout.swift */ = {isa = PBXFileReference; lastKnownFileType = sourcecode.swift; path = PhotosLayout.swift; sourceTree = "<group>"; };
		5D86C1232087B7090021817E /* PhotosCollectionViewController.swift */ = {isa = PBXFileReference; lastKnownFileType = sourcecode.swift; path = PhotosCollectionViewController.swift; sourceTree = "<group>"; };
		5D86C1252087B8360021817E /* Constants.swift */ = {isa = PBXFileReference; lastKnownFileType = sourcecode.swift; path = Constants.swift; sourceTree = "<group>"; };
		5D86C1272088D0800021817E /* PhotoDetails.swift */ = {isa = PBXFileReference; lastKnownFileType = sourcecode.swift; path = PhotoDetails.swift; sourceTree = "<group>"; };
		5D86C1292088FF630021817E /* StructuresForModel.swift */ = {isa = PBXFileReference; lastKnownFileType = sourcecode.swift; path = StructuresForModel.swift; sourceTree = "<group>"; };
		5F1EFC861D9D39E2E4214CBC /* Pods-Unsplatter.debug.xcconfig */ = {isa = PBXFileReference; includeInIndex = 1; lastKnownFileType = text.xcconfig; name = "Pods-Unsplatter.debug.xcconfig"; path = "Pods/Target Support Files/Pods-Unsplatter/Pods-Unsplatter.debug.xcconfig"; sourceTree = "<group>"; };
		97E329DBF8552192D01AAFCD /* Pods-Unsplatter.release.xcconfig */ = {isa = PBXFileReference; includeInIndex = 1; lastKnownFileType = text.xcconfig; name = "Pods-Unsplatter.release.xcconfig"; path = "Pods/Target Support Files/Pods-Unsplatter/Pods-Unsplatter.release.xcconfig"; sourceTree = "<group>"; };
/* End PBXFileReference section */

/* Begin PBXFrameworksBuildPhase section */
		5D86C0F5208763AD0021817E /* Frameworks */ = {
			isa = PBXFrameworksBuildPhase;
			buildActionMask = 2147483647;
			files = (
				E25569312BB522A93E665736 /* Pods_Unsplatter.framework in Frameworks */,
			);
			runOnlyForDeploymentPostprocessing = 0;
		};
/* End PBXFrameworksBuildPhase section */

/* Begin PBXGroup section */
		5D86C0EF208763AD0021817E = {
			isa = PBXGroup;
			children = (
				5D86C0FA208763AD0021817E /* Unsplatter */,
				5D86C0F9208763AD0021817E /* Products */,
				89033DE9E6864ADE01944A32 /* Pods */,
				81032FC6ACEFA9E0AA09388A /* Frameworks */,
			);
			sourceTree = "<group>";
		};
		5D86C0F9208763AD0021817E /* Products */ = {
			isa = PBXGroup;
			children = (
				5D86C0F8208763AD0021817E /* Unsplatter.app */,
			);
			name = Products;
			sourceTree = "<group>";
		};
		5D86C0FA208763AD0021817E /* Unsplatter */ = {
			isa = PBXGroup;
			children = (
				5D86C11B20879DB30021817E /* Services */,
				5D86C112208774B10021817E /* Models */,
				5D86C113208774B90021817E /* Controllers */,
				5D86C114208774CD0021817E /* Views */,
				5D86C1222087B6240021817E /* Layouts */,
				5D86C10D208763BC0021817E /* Supporting Files */,
			);
			path = Unsplatter;
			sourceTree = "<group>";
		};
		5D86C10D208763BC0021817E /* Supporting Files */ = {
			isa = PBXGroup;
			children = (
				5D86C0FB208763AD0021817E /* AppDelegate.swift */,
				5D86C102208763B10021817E /* Assets.xcassets */,
				5D86C104208763B20021817E /* LaunchScreen.storyboard */,
				5D86C107208763B20021817E /* Info.plist */,
			);
			path = "Supporting Files";
			sourceTree = "<group>";
		};
		5D86C112208774B10021817E /* Models */ = {
			isa = PBXGroup;
			children = (
				5D86C11720879C8A0021817E /* Photo.swift */,
				5D86C1272088D0800021817E /* PhotoDetails.swift */,
				5D86C1292088FF630021817E /* StructuresForModel.swift */,
				5D86C1252087B8360021817E /* Constants.swift */,
			);
			path = Models;
			sourceTree = "<group>";
		};
		5D86C113208774B90021817E /* Controllers */ = {
			isa = PBXGroup;
			children = (
				5D86C1232087B7090021817E /* PhotosCollectionViewController.swift */,
				5D86C10E208764470021817E /* DetailsPhotoViewController.swift */,
			);
			path = Controllers;
			sourceTree = "<group>";
		};
		5D86C114208774CD0021817E /* Views */ = {
			isa = PBXGroup;
			children = (
				5D86C0FF208763AD0021817E /* Main.storyboard */,
				5D86C11C2087A25F0021817E /* PhotoCell.swift */,
			);
			path = Views;
			sourceTree = "<group>";
		};
		5D86C11B20879DB30021817E /* Services */ = {
			isa = PBXGroup;
			children = (
				5D86C11920879DAB0021817E /* PhotosAPI.swift */,
			);
			path = Services;
			sourceTree = "<group>";
		};
		5D86C1222087B6240021817E /* Layouts */ = {
			isa = PBXGroup;
			children = (
				5D86C1202087B6210021817E /* PhotosLayout.swift */,
			);
			path = Layouts;
			sourceTree = "<group>";
		};
		81032FC6ACEFA9E0AA09388A /* Frameworks */ = {
			isa = PBXGroup;
			children = (
				4B2F32C9470085E09AD9CB2B /* Pods_Unsplatter.framework */,
			);
			name = Frameworks;
			sourceTree = "<group>";
		};
		89033DE9E6864ADE01944A32 /* Pods */ = {
			isa = PBXGroup;
			children = (
				5F1EFC861D9D39E2E4214CBC /* Pods-Unsplatter.debug.xcconfig */,
				97E329DBF8552192D01AAFCD /* Pods-Unsplatter.release.xcconfig */,
			);
			name = Pods;
			sourceTree = "<group>";
		};
/* End PBXGroup section */

/* Begin PBXNativeTarget section */
		5D86C0F7208763AD0021817E /* Unsplatter */ = {
			isa = PBXNativeTarget;
			buildConfigurationList = 5D86C10A208763B20021817E /* Build configuration list for PBXNativeTarget "Unsplatter" */;
			buildPhases = (
				E8E169F94133D087E5D6FBAE /* [CP] Check Pods Manifest.lock */,
				5D86C0F4208763AD0021817E /* Sources */,
				5D86C0F5208763AD0021817E /* Frameworks */,
				5D86C0F6208763AD0021817E /* Resources */,
				879F3F18EE01F0FF4D19A72B /* [CP] Embed Pods Frameworks */,
			);
			buildRules = (
			);
			dependencies = (
			);
			name = Unsplatter;
			productName = Unsplatter;
			productReference = 5D86C0F8208763AD0021817E /* Unsplatter.app */;
			productType = "com.apple.product-type.application";
		};
/* End PBXNativeTarget section */

/* Begin PBXProject section */
		5D86C0F0208763AD0021817E /* Project object */ = {
			isa = PBXProject;
			attributes = {
				LastSwiftUpdateCheck = 0930;
				LastUpgradeCheck = 0930;
				ORGANIZATIONNAME = Anastasia;
				TargetAttributes = {
					5D86C0F7208763AD0021817E = {
						CreatedOnToolsVersion = 9.3;
					};
				};
			};
			buildConfigurationList = 5D86C0F3208763AD0021817E /* Build configuration list for PBXProject "Unsplatter" */;
			compatibilityVersion = "Xcode 9.3";
			developmentRegion = en;
			hasScannedForEncodings = 0;
			knownRegions = (
				en,
				Base,
			);
			mainGroup = 5D86C0EF208763AD0021817E;
			productRefGroup = 5D86C0F9208763AD0021817E /* Products */;
			projectDirPath = "";
			projectRoot = "";
			targets = (
				5D86C0F7208763AD0021817E /* Unsplatter */,
			);
		};
/* End PBXProject section */

/* Begin PBXResourcesBuildPhase section */
		5D86C0F6208763AD0021817E /* Resources */ = {
			isa = PBXResourcesBuildPhase;
			buildActionMask = 2147483647;
			files = (
				5D86C106208763B20021817E /* LaunchScreen.storyboard in Resources */,
				5D86C103208763B10021817E /* Assets.xcassets in Resources */,
				5D86C101208763AD0021817E /* Main.storyboard in Resources */,
			);
			runOnlyForDeploymentPostprocessing = 0;
		};
/* End PBXResourcesBuildPhase section */

/* Begin PBXShellScriptBuildPhase section */
		879F3F18EE01F0FF4D19A72B /* [CP] Embed Pods Frameworks */ = {
			isa = PBXShellScriptBuildPhase;
			buildActionMask = 2147483647;
			files = (
			);
			inputPaths = (
				"${SRCROOT}/Pods/Target Support Files/Pods-Unsplatter/Pods-Unsplatter-frameworks.sh",
				"${BUILT_PRODUCTS_DIR}/Alamofire/Alamofire.framework",
			);
			name = "[CP] Embed Pods Frameworks";
			outputPaths = (
				"${TARGET_BUILD_DIR}/${FRAMEWORKS_FOLDER_PATH}/Alamofire.framework",
			);
			runOnlyForDeploymentPostprocessing = 0;
			shellPath = /bin/sh;
			shellScript = "\"${SRCROOT}/Pods/Target Support Files/Pods-Unsplatter/Pods-Unsplatter-frameworks.sh\"\n";
			showEnvVarsInLog = 0;
		};
		E8E169F94133D087E5D6FBAE /* [CP] Check Pods Manifest.lock */ = {
			isa = PBXShellScriptBuildPhase;
			buildActionMask = 2147483647;
			files = (
			);
			inputPaths = (
				"${PODS_PODFILE_DIR_PATH}/Podfile.lock",
				"${PODS_ROOT}/Manifest.lock",
			);
			name = "[CP] Check Pods Manifest.lock";
			outputPaths = (
				"$(DERIVED_FILE_DIR)/Pods-Unsplatter-checkManifestLockResult.txt",
			);
			runOnlyForDeploymentPostprocessing = 0;
			shellPath = /bin/sh;
			shellScript = "diff \"${PODS_PODFILE_DIR_PATH}/Podfile.lock\" \"${PODS_ROOT}/Manifest.lock\" > /dev/null\nif [ $? != 0 ] ; then\n    # print error to STDERR\n    echo \"error: The sandbox is not in sync with the Podfile.lock. Run 'pod install' or update your CocoaPods installation.\" >&2\n    exit 1\nfi\n# This output is used by Xcode 'outputs' to avoid re-running this script phase.\necho \"SUCCESS\" > \"${SCRIPT_OUTPUT_FILE_0}\"\n";
			showEnvVarsInLog = 0;
		};
/* End PBXShellScriptBuildPhase section */

/* Begin PBXSourcesBuildPhase section */
		5D86C0F4208763AD0021817E /* Sources */ = {
			isa = PBXSourcesBuildPhase;
			buildActionMask = 2147483647;
			files = (
				5D86C11D2087A25F0021817E /* PhotoCell.swift in Sources */,
				5D86C10F208764470021817E /* DetailsPhotoViewController.swift in Sources */,
				5D86C1212087B6210021817E /* PhotosLayout.swift in Sources */,
				5D86C11A20879DAB0021817E /* PhotosAPI.swift in Sources */,
				5D86C1282088D0800021817E /* PhotoDetails.swift in Sources */,
				5D86C12A2088FF630021817E /* StructuresForModel.swift in Sources */,
				5D86C0FC208763AD0021817E /* AppDelegate.swift in Sources */,
				5D86C11820879C8A0021817E /* Photo.swift in Sources */,
				5D86C1242087B7090021817E /* PhotosCollectionViewController.swift in Sources */,
				5D86C1262087B8360021817E /* Constants.swift in Sources */,
			);
			runOnlyForDeploymentPostprocessing = 0;
		};
/* End PBXSourcesBuildPhase section */

/* Begin PBXVariantGroup section */
		5D86C0FF208763AD0021817E /* Main.storyboard */ = {
			isa = PBXVariantGroup;
			children = (
				5D86C100208763AD0021817E /* Base */,
			);
			name = Main.storyboard;
			sourceTree = "<group>";
		};
		5D86C104208763B20021817E /* LaunchScreen.storyboard */ = {
			isa = PBXVariantGroup;
			children = (
				5D86C105208763B20021817E /* Base */,
			);
			name = LaunchScreen.storyboard;
			sourceTree = "<group>";
		};
/* End PBXVariantGroup section */

/* Begin XCBuildConfiguration section */
		5D86C108208763B20021817E /* Debug */ = {
			isa = XCBuildConfiguration;
			buildSettings = {
				ALWAYS_SEARCH_USER_PATHS = NO;
				CLANG_ANALYZER_NONNULL = YES;
				CLANG_ANALYZER_NUMBER_OBJECT_CONVERSION = YES_AGGRESSIVE;
				CLANG_CXX_LANGUAGE_STANDARD = "gnu++14";
				CLANG_CXX_LIBRARY = "libc++";
				CLANG_ENABLE_MODULES = YES;
				CLANG_ENABLE_OBJC_ARC = YES;
				CLANG_ENABLE_OBJC_WEAK = YES;
				CLANG_WARN_BLOCK_CAPTURE_AUTORELEASING = YES;
				CLANG_WARN_BOOL_CONVERSION = YES;
				CLANG_WARN_COMMA = YES;
				CLANG_WARN_CONSTANT_CONVERSION = YES;
				CLANG_WARN_DEPRECATED_OBJC_IMPLEMENTATIONS = YES;
				CLANG_WARN_DIRECT_OBJC_ISA_USAGE = YES_ERROR;
				CLANG_WARN_DOCUMENTATION_COMMENTS = YES;
				CLANG_WARN_EMPTY_BODY = YES;
				CLANG_WARN_ENUM_CONVERSION = YES;
				CLANG_WARN_INFINITE_RECURSION = YES;
				CLANG_WARN_INT_CONVERSION = YES;
				CLANG_WARN_NON_LITERAL_NULL_CONVERSION = YES;
				CLANG_WARN_OBJC_IMPLICIT_RETAIN_SELF = YES;
				CLANG_WARN_OBJC_LITERAL_CONVERSION = YES;
				CLANG_WARN_OBJC_ROOT_CLASS = YES_ERROR;
				CLANG_WARN_RANGE_LOOP_ANALYSIS = YES;
				CLANG_WARN_STRICT_PROTOTYPES = YES;
				CLANG_WARN_SUSPICIOUS_MOVE = YES;
				CLANG_WARN_UNGUARDED_AVAILABILITY = YES_AGGRESSIVE;
				CLANG_WARN_UNREACHABLE_CODE = YES;
				CLANG_WARN__DUPLICATE_METHOD_MATCH = YES;
				CODE_SIGN_IDENTITY = "iPhone Developer";
				COPY_PHASE_STRIP = NO;
				DEBUG_INFORMATION_FORMAT = dwarf;
				ENABLE_STRICT_OBJC_MSGSEND = YES;
				ENABLE_TESTABILITY = YES;
				GCC_C_LANGUAGE_STANDARD = gnu11;
				GCC_DYNAMIC_NO_PIC = NO;
				GCC_NO_COMMON_BLOCKS = YES;
				GCC_OPTIMIZATION_LEVEL = 0;
				GCC_PREPROCESSOR_DEFINITIONS = (
					"DEBUG=1",
					"$(inherited)",
				);
				GCC_WARN_64_TO_32_BIT_CONVERSION = YES;
				GCC_WARN_ABOUT_RETURN_TYPE = YES_ERROR;
				GCC_WARN_UNDECLARED_SELECTOR = YES;
				GCC_WARN_UNINITIALIZED_AUTOS = YES_AGGRESSIVE;
				GCC_WARN_UNUSED_FUNCTION = YES;
				GCC_WARN_UNUSED_VARIABLE = YES;
				IPHONEOS_DEPLOYMENT_TARGET = 11.3;
				MTL_ENABLE_DEBUG_INFO = YES;
				ONLY_ACTIVE_ARCH = YES;
				SDKROOT = iphoneos;
				SWIFT_ACTIVE_COMPILATION_CONDITIONS = DEBUG;
				SWIFT_OPTIMIZATION_LEVEL = "-Onone";
			};
			name = Debug;
		};
		5D86C109208763B20021817E /* Release */ = {
			isa = XCBuildConfiguration;
			buildSettings = {
				ALWAYS_SEARCH_USER_PATHS = NO;
				CLANG_ANALYZER_NONNULL = YES;
				CLANG_ANALYZER_NUMBER_OBJECT_CONVERSION = YES_AGGRESSIVE;
				CLANG_CXX_LANGUAGE_STANDARD = "gnu++14";
				CLANG_CXX_LIBRARY = "libc++";
				CLANG_ENABLE_MODULES = YES;
				CLANG_ENABLE_OBJC_ARC = YES;
				CLANG_ENABLE_OBJC_WEAK = YES;
				CLANG_WARN_BLOCK_CAPTURE_AUTORELEASING = YES;
				CLANG_WARN_BOOL_CONVERSION = YES;
				CLANG_WARN_COMMA = YES;
				CLANG_WARN_CONSTANT_CONVERSION = YES;
				CLANG_WARN_DEPRECATED_OBJC_IMPLEMENTATIONS = YES;
				CLANG_WARN_DIRECT_OBJC_ISA_USAGE = YES_ERROR;
				CLANG_WARN_DOCUMENTATION_COMMENTS = YES;
				CLANG_WARN_EMPTY_BODY = YES;
				CLANG_WARN_ENUM_CONVERSION = YES;
				CLANG_WARN_INFINITE_RECURSION = YES;
				CLANG_WARN_INT_CONVERSION = YES;
				CLANG_WARN_NON_LITERAL_NULL_CONVERSION = YES;
				CLANG_WARN_OBJC_IMPLICIT_RETAIN_SELF = YES;
				CLANG_WARN_OBJC_LITERAL_CONVERSION = YES;
				CLANG_WARN_OBJC_ROOT_CLASS = YES_ERROR;
				CLANG_WARN_RANGE_LOOP_ANALYSIS = YES;
				CLANG_WARN_STRICT_PROTOTYPES = YES;
				CLANG_WARN_SUSPICIOUS_MOVE = YES;
				CLANG_WARN_UNGUARDED_AVAILABILITY = YES_AGGRESSIVE;
				CLANG_WARN_UNREACHABLE_CODE = YES;
				CLANG_WARN__DUPLICATE_METHOD_MATCH = YES;
				CODE_SIGN_IDENTITY = "iPhone Developer";
				COPY_PHASE_STRIP = NO;
				DEBUG_INFORMATION_FORMAT = "dwarf-with-dsym";
				ENABLE_NS_ASSERTIONS = NO;
				ENABLE_STRICT_OBJC_MSGSEND = YES;
				GCC_C_LANGUAGE_STANDARD = gnu11;
				GCC_NO_COMMON_BLOCKS = YES;
				GCC_WARN_64_TO_32_BIT_CONVERSION = YES;
				GCC_WARN_ABOUT_RETURN_TYPE = YES_ERROR;
				GCC_WARN_UNDECLARED_SELECTOR = YES;
				GCC_WARN_UNINITIALIZED_AUTOS = YES_AGGRESSIVE;
				GCC_WARN_UNUSED_FUNCTION = YES;
				GCC_WARN_UNUSED_VARIABLE = YES;
				IPHONEOS_DEPLOYMENT_TARGET = 11.3;
				MTL_ENABLE_DEBUG_INFO = NO;
				SDKROOT = iphoneos;
				SWIFT_COMPILATION_MODE = wholemodule;
				SWIFT_OPTIMIZATION_LEVEL = "-O";
				VALIDATE_PRODUCT = YES;
			};
			name = Release;
		};
		5D86C10B208763B20021817E /* Debug */ = {
			isa = XCBuildConfiguration;
			baseConfigurationReference = 5F1EFC861D9D39E2E4214CBC /* Pods-Unsplatter.debug.xcconfig */;
			buildSettings = {
				ASSETCATALOG_COMPILER_APPICON_NAME = AppIcon;
				CODE_SIGN_STYLE = Automatic;
				DEVELOPMENT_TEAM = G9UHR5NE37;
				INFOPLIST_FILE = "$(SRCROOT)/Unsplatter/Supporting Files/Info.plist";
				LD_RUNPATH_SEARCH_PATHS = "$(inherited) @executable_path/Frameworks";
				PRODUCT_BUNDLE_IDENTIFIER = ankis.Unsplatter;
				PRODUCT_NAME = "$(TARGET_NAME)";
				SWIFT_VERSION = 4.0;
				TARGETED_DEVICE_FAMILY = "1,2";
			};
			name = Debug;
		};
		5D86C10C208763B20021817E /* Release */ = {
			isa = XCBuildConfiguration;
			baseConfigurationReference = 97E329DBF8552192D01AAFCD /* Pods-Unsplatter.release.xcconfig */;
			buildSettings = {
				ASSETCATALOG_COMPILER_APPICON_NAME = AppIcon;
				CODE_SIGN_STYLE = Automatic;
				DEVELOPMENT_TEAM = G9UHR5NE37;
				INFOPLIST_FILE = "$(SRCROOT)/Unsplatter/Supporting Files/Info.plist";
				LD_RUNPATH_SEARCH_PATHS = "$(inherited) @executable_path/Frameworks";
				PRODUCT_BUNDLE_IDENTIFIER = ankis.Unsplatter;
				PRODUCT_NAME = "$(TARGET_NAME)";
				SWIFT_VERSION = 4.0;
				TARGETED_DEVICE_FAMILY = "1,2";
			};
			name = Release;
		};
/* End XCBuildConfiguration section */

/* Begin XCConfigurationList section */
		5D86C0F3208763AD0021817E /* Build configuration list for PBXProject "Unsplatter" */ = {
			isa = XCConfigurationList;
			buildConfigurations = (
				5D86C108208763B20021817E /* Debug */,
				5D86C109208763B20021817E /* Release */,
			);
			defaultConfigurationIsVisible = 0;
			defaultConfigurationName = Release;
		};
		5D86C10A208763B20021817E /* Build configuration list for PBXNativeTarget "Unsplatter" */ = {
			isa = XCConfigurationList;
			buildConfigurations = (
				5D86C10B208763B20021817E /* Debug */,
				5D86C10C208763B20021817E /* Release */,
			);
			defaultConfigurationIsVisible = 0;
			defaultConfigurationName = Release;
		};
/* End XCConfigurationList section */
	};
	rootObject = 5D86C0F0208763AD0021817E /* Project object */;
}
